
Microsoft Visual Studio Solution File, Format Version 12.00
# Visual Studio Version 16
VisualStudioVersion = 16.0.32630.194
MinimumVisualStudioVersion = 10.0.40219.1
Project("{8BC9CEB8-8B4A-11D0-8D11-00A0C91BC942}") = "SumAverageFromInput", "SumAverageFromInput\SumAverageFromInput.vcxproj", "{630C832F-8300-4515-B7FE-0010B274E9A1}"
EndProject
Global
	GlobalSection(SolutionConfigurationPlatforms) = preSolution
		Debug|x64 = Debug|x64
		Debug|x86 = Debug|x86
		Release|x64 = Release|x64
		Release|x86 = Release|x86
	EndGlobalSection
	GlobalSection(ProjectConfigurationPlatforms) = postSolution
		{630C832F-8300-4515-B7FE-0010B274E9A1}.Debug|x64.ActiveCfg = Debug|x64
		{630C832F-8300-4515-B7FE-0010B274E9A1}.Debug|x64.Build.0 = Debug|x64
		{630C832F-8300-4515-B7FE-0010B274E9A1}.Debug|x86.ActiveCfg = Debug|Win32
		{630C832F-8300-4515-B7FE-0010B274E9A1}.Debug|x86.Build.0 = Debug|Win32
		{630C832F-8300-4515-B7FE-0010B274E9A1}.Release|x64.ActiveCfg = Release|x64
		{630C832F-8300-4515-B7FE-0010B274E9A1}.Release|x64.Build.0 = Release|x64
		{630C832F-8300-4515-B7FE-0010B274E9A1}.Release|x86.ActiveCfg = Release|Win32
		{630C832F-8300-4515-B7FE-0010B274E9A1}.Release|x86.Build.0 = Release|Win32
	EndGlobalSection
	GlobalSection(SolutionProperties) = preSolution
		HideSolutionNode = FALSE
	EndGlobalSection
	GlobalSection(ExtensibilityGlobals) = postSolution
		SolutionGuid = {30996434-EFB2-417F-A304-7DF49B773241}
	EndGlobalSection
EndGlobal
